
Microsoft Visual Studio Solution File, Format Version 12.00
# Visual Studio Version 16
VisualStudioVersion = 16.0.30204.135
MinimumVisualStudioVersion = 10.0.40219.1
Project("{8BC9CEB8-8B4A-11D0-8D11-00A0C91BC942}") = "UDPClient", "UDPClient\UDPClient.vcxproj", "{26C05E92-E35B-4ED3-A4BA-D2672463EEF1}"
EndProject
Global
	GlobalSection(SolutionConfigurationPlatforms) = preSolution
		Debug|x64 = Debug|x64
		Debug|x86 = Debug|x86
		Release|x64 = Release|x64
		Release|x86 = Release|x86
	EndGlobalSection
	GlobalSection(ProjectConfigurationPlatforms) = postSolution
		{26C05E92-E35B-4ED3-A4BA-D2672463EEF1}.Debug|x64.ActiveCfg = Debug|x64
		{26C05E92-E35B-4ED3-A4BA-D2672463EEF1}.Debug|x64.Build.0 = Debug|x64
		{26C05E92-E35B-4ED3-A4BA-D2672463EEF1}.Debug|x86.ActiveCfg = Debug|Win32
		{26C05E92-E35B-4ED3-A4BA-D2672463EEF1}.Debug|x86.Build.0 = Debug|Win32
		{26C05E92-E35B-4ED3-A4BA-D2672463EEF1}.Release|x64.ActiveCfg = Release|x64
		{26C05E92-E35B-4ED3-A4BA-D2672463EEF1}.Release|x64.Build.0 = Release|x64
		{26C05E92-E35B-4ED3-A4BA-D2672463EEF1}.Release|x86.ActiveCfg = Release|Win32
		{26C05E92-E35B-4ED3-A4BA-D2672463EEF1}.Release|x86.Build.0 = Release|Win32
	EndGlobalSection
	GlobalSection(SolutionProperties) = preSolution
		HideSolutionNode = FALSE
	EndGlobalSection
	GlobalSection(ExtensibilityGlobals) = postSolution
		SolutionGuid = {FD00BEA0-6CF0-4D18-9FD2-924C90E660E5}
	EndGlobalSection
EndGlobal
